
Microsoft Visual Studio Solution File, Format Version 12.00
# Visual Studio Version 17
VisualStudioVersion = 17.0.32112.339
MinimumVisualStudioVersion = 10.0.40219.1
Project("{FAE04EC0-301F-11D3-BF4B-00C04F79EFBC}") = "ExcelToDB", "ExcelToDB\ExcelToDB.csproj", "{F2FF043A-5E14-436D-8452-14ABDEAB1C5A}"
EndProject
Global
	GlobalSection(SolutionConfigurationPlatforms) = preSolution
		Debug|Any CPU = Debug|Any CPU
		Release|Any CPU = Release|Any CPU
	EndGlobalSection
	GlobalSection(ProjectConfigurationPlatforms) = postSolution
		{F2FF043A-5E14-436D-8452-14ABDEAB1C5A}.Debug|Any CPU.ActiveCfg = Debug|Any CPU
		{F2FF043A-5E14-436D-8452-14ABDEAB1C5A}.Debug|Any CPU.Build.0 = Debug|Any CPU
		{F2FF043A-5E14-436D-8452-14ABDEAB1C5A}.Release|Any CPU.ActiveCfg = Release|Any CPU
		{F2FF043A-5E14-436D-8452-14ABDEAB1C5A}.Release|Any CPU.Build.0 = Release|Any CPU
	EndGlobalSection
	GlobalSection(SolutionProperties) = preSolution
		HideSolutionNode = FALSE
	EndGlobalSection
	GlobalSection(ExtensibilityGlobals) = postSolution
		SolutionGuid = {EBF7D5D6-FB73-4D8B-86A8-18148002B6AE}
	EndGlobalSection
EndGlobal
